// !$*UTF8*$!
{
	archiveVersion = 1;
	classes = {
	};
	objectVersion = 51;
	objects = {

/* Begin PBXBuildFile section */
		A832951B229D6468000A4FD8 /* UserInfoViewController.swift in Sources */ = {isa = PBXBuildFile; fileRef = A832951A229D6468000A4FD8 /* UserInfoViewController.swift */; };
		A83C439522A16A0500C493BB /* UserLocationCell.xib in Resources */ = {isa = PBXBuildFile; fileRef = A83C439422A16A0500C493BB /* UserLocationCell.xib */; };
		A83C439722A16A2C00C493BB /* UserLocationCell.swift in Sources */ = {isa = PBXBuildFile; fileRef = A83C439622A16A2C00C493BB /* UserLocationCell.swift */; };
		A83C439922A1A5DF00C493BB /* StringUtils.swift in Sources */ = {isa = PBXBuildFile; fileRef = A83C439822A1A5DF00C493BB /* StringUtils.swift */; };
		A83C439B22A1C8DF00C493BB /* UserAdressCell.xib in Resources */ = {isa = PBXBuildFile; fileRef = A83C439A22A1C8DF00C493BB /* UserAdressCell.xib */; };
		A83C439D22A1CA0800C493BB /* UserTimezoneCell.xib in Resources */ = {isa = PBXBuildFile; fileRef = A83C439C22A1CA0800C493BB /* UserTimezoneCell.xib */; };
		A83C439F22A1CAB300C493BB /* UserLoginCell.xib in Resources */ = {isa = PBXBuildFile; fileRef = A83C439E22A1CAB300C493BB /* UserLoginCell.xib */; };
		A83C43A122A1CCA300C493BB /* UserDateAgeDisplayCell.xib in Resources */ = {isa = PBXBuildFile; fileRef = A83C43A022A1CCA300C493BB /* UserDateAgeDisplayCell.xib */; };
		A83C43A322A1CD2A00C493BB /* UserIDCell.xib in Resources */ = {isa = PBXBuildFile; fileRef = A83C43A222A1CD2A00C493BB /* UserIDCell.xib */; };
		A85F5F0122A430B9005478FA /* UserAdressCell.swift in Sources */ = {isa = PBXBuildFile; fileRef = A85F5F0022A430B9005478FA /* UserAdressCell.swift */; };
		A85F5F0322A430D2005478FA /* UserDateAgeDisplayCell.swift in Sources */ = {isa = PBXBuildFile; fileRef = A85F5F0222A430D2005478FA /* UserDateAgeDisplayCell.swift */; };
		A85F5F0522A430E6005478FA /* UserIDCell.swift in Sources */ = {isa = PBXBuildFile; fileRef = A85F5F0422A430E6005478FA /* UserIDCell.swift */; };
		A85F5F0722A43108005478FA /* UserLoginCell.swift in Sources */ = {isa = PBXBuildFile; fileRef = A85F5F0622A43108005478FA /* UserLoginCell.swift */; };
		A85F5F0922A43120005478FA /* UserTimezoneCell.swift in Sources */ = {isa = PBXBuildFile; fileRef = A85F5F0822A43120005478FA /* UserTimezoneCell.swift */; };
		A85F5F0B22A45CDF005478FA /* UserOtherDataCell.swift in Sources */ = {isa = PBXBuildFile; fileRef = A85F5F0A22A45CDF005478FA /* UserOtherDataCell.swift */; };
		A85F5F0D22A45D21005478FA /* UserOtherDataCell.xib in Resources */ = {isa = PBXBuildFile; fileRef = A85F5F0C22A45D21005478FA /* UserOtherDataCell.xib */; };
		A86BD7CE229E87CE00BDB0C6 /* UserInfoTableViewController.swift in Sources */ = {isa = PBXBuildFile; fileRef = A86BD7CD229E87CE00BDB0C6 /* UserInfoTableViewController.swift */; };
		A86BD7D0229E8EC400BDB0C6 /* UserInfoTopCell.xib in Resources */ = {isa = PBXBuildFile; fileRef = A86BD7CF229E8EC400BDB0C6 /* UserInfoTopCell.xib */; };
		A873105B22A2E23000FF7326 /* InternetReachability.swift in Sources */ = {isa = PBXBuildFile; fileRef = A873105A22A2E23000FF7326 /* InternetReachability.swift */; };
		A873105E22A2F0C400FF7326 /* RealmService.swift in Sources */ = {isa = PBXBuildFile; fileRef = A873105D22A2F0C400FF7326 /* RealmService.swift */; };
		A873106022A2FCC200FF7326 /* RandomUsersClientTabBarController.swift in Sources */ = {isa = PBXBuildFile; fileRef = A873105F22A2FCC200FF7326 /* RandomUsersClientTabBarController.swift */; };
		A878019422A12337004123F8 /* UsersListTableViewCell.xib in Resources */ = {isa = PBXBuildFile; fileRef = A878019322A12337004123F8 /* UsersListTableViewCell.xib */; };
		A87DE7CB229D3D5A00197BCC /* UsersListViewController.swift in Sources */ = {isa = PBXBuildFile; fileRef = A87DE7CA229D3D5A00197BCC /* UsersListViewController.swift */; };
		A87DE7CD229D3D7100197BCC /* FavoritesViewController.swift in Sources */ = {isa = PBXBuildFile; fileRef = A87DE7CC229D3D7100197BCC /* FavoritesViewController.swift */; };
		A87DE7CF229D50B100197BCC /* UsersListTableViewCell.swift in Sources */ = {isa = PBXBuildFile; fileRef = A87DE7CE229D50B100197BCC /* UsersListTableViewCell.swift */; };
		A89A9B0322A040CA0075FC02 /* UsersViewModel.swift in Sources */ = {isa = PBXBuildFile; fileRef = A89A9B0222A040CA0075FC02 /* UsersViewModel.swift */; };
		A89A9B0522A05BDE0075FC02 /* UsersListInfoController.swift in Sources */ = {isa = PBXBuildFile; fileRef = A89A9B0422A05BDE0075FC02 /* UsersListInfoController.swift */; };
		A89FF917229EF6F400B6B41A /* UrlUtils.swift in Sources */ = {isa = PBXBuildFile; fileRef = A89FF916229EF6F300B6B41A /* UrlUtils.swift */; };
		A89FF919229EF74B00B6B41A /* UsersViewStructs.swift in Sources */ = {isa = PBXBuildFile; fileRef = A89FF918229EF74B00B6B41A /* UsersViewStructs.swift */; };
		A8B969B2229C1F260085C735 /* AppDelegate.swift in Sources */ = {isa = PBXBuildFile; fileRef = A8B969B1229C1F260085C735 /* AppDelegate.swift */; };
		A8B969B7229C1F260085C735 /* Main.storyboard in Resources */ = {isa = PBXBuildFile; fileRef = A8B969B5229C1F260085C735 /* Main.storyboard */; };
		A8B969B9229C1F280085C735 /* Assets.xcassets in Resources */ = {isa = PBXBuildFile; fileRef = A8B969B8229C1F280085C735 /* Assets.xcassets */; };
		A8B969BC229C1F280085C735 /* LaunchScreen.storyboard in Resources */ = {isa = PBXBuildFile; fileRef = A8B969BA229C1F280085C735 /* LaunchScreen.storyboard */; };
		A8DE9E7922A7B31B00EA413C /* LoadingCell.xib in Resources */ = {isa = PBXBuildFile; fileRef = A8DE9E7822A7B31B00EA413C /* LoadingCell.xib */; };
		A8DE9E7B22A7B3D700EA413C /* LoadingCell.swift in Sources */ = {isa = PBXBuildFile; fileRef = A8DE9E7A22A7B3D700EA413C /* LoadingCell.swift */; };
		A8F8573D229DAF7D00700E9F /* UserInfoTopCell.swift in Sources */ = {isa = PBXBuildFile; fileRef = A8F8573C229DAF7D00700E9F /* UserInfoTopCell.swift */; };
		BDA54B4648AA9F5683A516AF /* Pods_RandomUserClient.framework in Frameworks */ = {isa = PBXBuildFile; fileRef = D2F3B9EE34CC0446AA7600C5 /* Pods_RandomUserClient.framework */; };
/* End PBXBuildFile section */

/* Begin PBXFileReference section */
		51FCA56677A037BD9A75C1D0 /* Pods-RandomUserClient.debug.xcconfig */ = {isa = PBXFileReference; includeInIndex = 1; lastKnownFileType = text.xcconfig; name = "Pods-RandomUserClient.debug.xcconfig"; path = "Target Support Files/Pods-RandomUserClient/Pods-RandomUserClient.debug.xcconfig"; sourceTree = "<group>"; };
		A2367A9E5344E610C160F21F /* Pods-RandomUserClient.release.xcconfig */ = {isa = PBXFileReference; includeInIndex = 1; lastKnownFileType = text.xcconfig; name = "Pods-RandomUserClient.release.xcconfig"; path = "Target Support Files/Pods-RandomUserClient/Pods-RandomUserClient.release.xcconfig"; sourceTree = "<group>"; };
		A832951A229D6468000A4FD8 /* UserInfoViewController.swift */ = {isa = PBXFileReference; lastKnownFileType = sourcecode.swift; path = UserInfoViewController.swift; sourceTree = "<group>"; };
		A83C439422A16A0500C493BB /* UserLocationCell.xib */ = {isa = PBXFileReference; lastKnownFileType = file.xib; path = UserLocationCell.xib; sourceTree = "<group>"; };
		A83C439622A16A2C00C493BB /* UserLocationCell.swift */ = {isa = PBXFileReference; lastKnownFileType = sourcecode.swift; path = UserLocationCell.swift; sourceTree = "<group>"; };
		A83C439822A1A5DF00C493BB /* StringUtils.swift */ = {isa = PBXFileReference; lastKnownFileType = sourcecode.swift; path = StringUtils.swift; sourceTree = "<group>"; };
		A83C439A22A1C8DF00C493BB /* UserAdressCell.xib */ = {isa = PBXFileReference; lastKnownFileType = file.xib; path = UserAdressCell.xib; sourceTree = "<group>"; };
		A83C439C22A1CA0800C493BB /* UserTimezoneCell.xib */ = {isa = PBXFileReference; lastKnownFileType = file.xib; path = UserTimezoneCell.xib; sourceTree = "<group>"; };
		A83C439E22A1CAB300C493BB /* UserLoginCell.xib */ = {isa = PBXFileReference; lastKnownFileType = file.xib; path = UserLoginCell.xib; sourceTree = "<group>"; };
		A83C43A022A1CCA300C493BB /* UserDateAgeDisplayCell.xib */ = {isa = PBXFileReference; lastKnownFileType = file.xib; path = UserDateAgeDisplayCell.xib; sourceTree = "<group>"; };
		A83C43A222A1CD2A00C493BB /* UserIDCell.xib */ = {isa = PBXFileReference; lastKnownFileType = file.xib; path = UserIDCell.xib; sourceTree = "<group>"; };
		A85F5F0022A430B9005478FA /* UserAdressCell.swift */ = {isa = PBXFileReference; lastKnownFileType = sourcecode.swift; path = UserAdressCell.swift; sourceTree = "<group>"; };
		A85F5F0222A430D2005478FA /* UserDateAgeDisplayCell.swift */ = {isa = PBXFileReference; lastKnownFileType = sourcecode.swift; path = UserDateAgeDisplayCell.swift; sourceTree = "<group>"; };
		A85F5F0422A430E6005478FA /* UserIDCell.swift */ = {isa = PBXFileReference; lastKnownFileType = sourcecode.swift; path = UserIDCell.swift; sourceTree = "<group>"; };
		A85F5F0622A43108005478FA /* UserLoginCell.swift */ = {isa = PBXFileReference; lastKnownFileType = sourcecode.swift; path = UserLoginCell.swift; sourceTree = "<group>"; };
		A85F5F0822A43120005478FA /* UserTimezoneCell.swift */ = {isa = PBXFileReference; lastKnownFileType = sourcecode.swift; path = UserTimezoneCell.swift; sourceTree = "<group>"; };
		A85F5F0A22A45CDF005478FA /* UserOtherDataCell.swift */ = {isa = PBXFileReference; lastKnownFileType = sourcecode.swift; path = UserOtherDataCell.swift; sourceTree = "<group>"; };
		A85F5F0C22A45D21005478FA /* UserOtherDataCell.xib */ = {isa = PBXFileReference; lastKnownFileType = file.xib; name = UserOtherDataCell.xib; path = ../UserOtherDataCell.xib; sourceTree = "<group>"; };
		A86BD7CD229E87CE00BDB0C6 /* UserInfoTableViewController.swift */ = {isa = PBXFileReference; lastKnownFileType = sourcecode.swift; path = UserInfoTableViewController.swift; sourceTree = "<group>"; };
		A86BD7CF229E8EC400BDB0C6 /* UserInfoTopCell.xib */ = {isa = PBXFileReference; lastKnownFileType = file.xib; path = UserInfoTopCell.xib; sourceTree = "<group>"; };
		A873105A22A2E23000FF7326 /* InternetReachability.swift */ = {isa = PBXFileReference; fileEncoding = 4; lastKnownFileType = sourcecode.swift; path = InternetReachability.swift; sourceTree = "<group>"; };
		A873105D22A2F0C400FF7326 /* RealmService.swift */ = {isa = PBXFileReference; lastKnownFileType = sourcecode.swift; path = RealmService.swift; sourceTree = "<group>"; };
		A873105F22A2FCC200FF7326 /* RandomUsersClientTabBarController.swift */ = {isa = PBXFileReference; lastKnownFileType = sourcecode.swift; path = RandomUsersClientTabBarController.swift; sourceTree = "<group>"; };
		A878019322A12337004123F8 /* UsersListTableViewCell.xib */ = {isa = PBXFileReference; lastKnownFileType = file.xib; path = UsersListTableViewCell.xib; sourceTree = "<group>"; };
		A87DE7CA229D3D5A00197BCC /* UsersListViewController.swift */ = {isa = PBXFileReference; lastKnownFileType = sourcecode.swift; path = UsersListViewController.swift; sourceTree = "<group>"; };
		A87DE7CC229D3D7100197BCC /* FavoritesViewController.swift */ = {isa = PBXFileReference; lastKnownFileType = sourcecode.swift; path = FavoritesViewController.swift; sourceTree = "<group>"; };
		A87DE7CE229D50B100197BCC /* UsersListTableViewCell.swift */ = {isa = PBXFileReference; lastKnownFileType = sourcecode.swift; path = UsersListTableViewCell.swift; sourceTree = "<group>"; };
		A89A9B0222A040CA0075FC02 /* UsersViewModel.swift */ = {isa = PBXFileReference; lastKnownFileType = sourcecode.swift; path = UsersViewModel.swift; sourceTree = "<group>"; };
		A89A9B0422A05BDE0075FC02 /* UsersListInfoController.swift */ = {isa = PBXFileReference; lastKnownFileType = sourcecode.swift; path = UsersListInfoController.swift; sourceTree = "<group>"; };
		A89FF916229EF6F300B6B41A /* UrlUtils.swift */ = {isa = PBXFileReference; lastKnownFileType = sourcecode.swift; path = UrlUtils.swift; sourceTree = "<group>"; };
		A89FF918229EF74B00B6B41A /* UsersViewStructs.swift */ = {isa = PBXFileReference; lastKnownFileType = sourcecode.swift; path = UsersViewStructs.swift; sourceTree = "<group>"; };
		A8B969AE229C1F260085C735 /* RandomUserClient.app */ = {isa = PBXFileReference; explicitFileType = wrapper.application; includeInIndex = 0; path = RandomUserClient.app; sourceTree = BUILT_PRODUCTS_DIR; };
		A8B969B1229C1F260085C735 /* AppDelegate.swift */ = {isa = PBXFileReference; lastKnownFileType = sourcecode.swift; path = AppDelegate.swift; sourceTree = "<group>"; };
		A8B969B6229C1F260085C735 /* Base */ = {isa = PBXFileReference; lastKnownFileType = file.storyboard; name = Base; path = Base.lproj/Main.storyboard; sourceTree = "<group>"; };
		A8B969B8229C1F280085C735 /* Assets.xcassets */ = {isa = PBXFileReference; lastKnownFileType = folder.assetcatalog; path = Assets.xcassets; sourceTree = "<group>"; };
		A8B969BB229C1F280085C735 /* Base */ = {isa = PBXFileReference; lastKnownFileType = file.storyboard; name = Base; path = Base.lproj/LaunchScreen.storyboard; sourceTree = "<group>"; };
		A8B969BD229C1F280085C735 /* Info.plist */ = {isa = PBXFileReference; lastKnownFileType = text.plist.xml; path = Info.plist; sourceTree = "<group>"; };
		A8DE9E7822A7B31B00EA413C /* LoadingCell.xib */ = {isa = PBXFileReference; lastKnownFileType = file.xib; path = LoadingCell.xib; sourceTree = "<group>"; };
		A8DE9E7A22A7B3D700EA413C /* LoadingCell.swift */ = {isa = PBXFileReference; lastKnownFileType = sourcecode.swift; path = LoadingCell.swift; sourceTree = "<group>"; };
		A8F8573C229DAF7D00700E9F /* UserInfoTopCell.swift */ = {isa = PBXFileReference; lastKnownFileType = sourcecode.swift; path = UserInfoTopCell.swift; sourceTree = "<group>"; };
		D2F3B9EE34CC0446AA7600C5 /* Pods_RandomUserClient.framework */ = {isa = PBXFileReference; explicitFileType = wrapper.framework; includeInIndex = 0; path = Pods_RandomUserClient.framework; sourceTree = BUILT_PRODUCTS_DIR; };
/* End PBXFileReference section */

/* Begin PBXFrameworksBuildPhase section */
		A8B969AB229C1F260085C735 /* Frameworks */ = {
			isa = PBXFrameworksBuildPhase;
			buildActionMask = 2147483647;
			files = (
				BDA54B4648AA9F5683A516AF /* Pods_RandomUserClient.framework in Frameworks */,
			);
			runOnlyForDeploymentPostprocessing = 0;
		};
/* End PBXFrameworksBuildPhase section */

/* Begin PBXGroup section */
		8572E3C2987526DE02082843 /* Frameworks */ = {
			isa = PBXGroup;
			children = (
				D2F3B9EE34CC0446AA7600C5 /* Pods_RandomUserClient.framework */,
			);
			name = Frameworks;
			sourceTree = "<group>";
		};
		A832951D229DAECA000A4FD8 /* user-info */ = {
			isa = PBXGroup;
			children = (
				A86BD7D1229EA47C00BDB0C6 /* cells */,
				A86BD7CD229E87CE00BDB0C6 /* UserInfoTableViewController.swift */,
				A832951A229D6468000A4FD8 /* UserInfoViewController.swift */,
			);
			path = "user-info";
			sourceTree = "<group>";
		};
		A86BD7CA229E7C2300BDB0C6 /* utils */ = {
			isa = PBXGroup;
			children = (
				A89FF916229EF6F300B6B41A /* UrlUtils.swift */,
				A83C439822A1A5DF00C493BB /* StringUtils.swift */,
				A873105A22A2E23000FF7326 /* InternetReachability.swift */,
			);
			path = utils;
			sourceTree = "<group>";
		};
		A86BD7D1229EA47C00BDB0C6 /* cells */ = {
			isa = PBXGroup;
			children = (
				A85F5F0022A430B9005478FA /* UserAdressCell.swift */,
				A83C439A22A1C8DF00C493BB /* UserAdressCell.xib */,
				A85F5F0222A430D2005478FA /* UserDateAgeDisplayCell.swift */,
				A83C43A022A1CCA300C493BB /* UserDateAgeDisplayCell.xib */,
				A85F5F0422A430E6005478FA /* UserIDCell.swift */,
				A83C43A222A1CD2A00C493BB /* UserIDCell.xib */,
				A8F8573C229DAF7D00700E9F /* UserInfoTopCell.swift */,
				A86BD7CF229E8EC400BDB0C6 /* UserInfoTopCell.xib */,
				A83C439622A16A2C00C493BB /* UserLocationCell.swift */,
				A83C439422A16A0500C493BB /* UserLocationCell.xib */,
				A85F5F0622A43108005478FA /* UserLoginCell.swift */,
				A83C439E22A1CAB300C493BB /* UserLoginCell.xib */,
				A85F5F0822A43120005478FA /* UserTimezoneCell.swift */,
				A83C439C22A1CA0800C493BB /* UserTimezoneCell.xib */,
				A85F5F0A22A45CDF005478FA /* UserOtherDataCell.swift */,
				A85F5F0C22A45D21005478FA /* UserOtherDataCell.xib */,
			);
			path = cells;
			sourceTree = "<group>";
		};
		A873105C22A2E50E00FF7326 /* services */ = {
			isa = PBXGroup;
			children = (
				A873105D22A2F0C400FF7326 /* RealmService.swift */,
			);
			path = services;
			sourceTree = "<group>";
		};
		A878019222A12302004123F8 /* cells */ = {
			isa = PBXGroup;
			children = (
				A8DE9E7A22A7B3D700EA413C /* LoadingCell.swift */,
				A8DE9E7822A7B31B00EA413C /* LoadingCell.xib */,
				A87DE7CE229D50B100197BCC /* UsersListTableViewCell.swift */,
				A878019322A12337004123F8 /* UsersListTableViewCell.xib */,
			);
			path = cells;
			sourceTree = "<group>";
		};
		A87DE7C9229D3D3800197BCC /* src */ = {
			isa = PBXGroup;
			children = (
				A89A9B0722A05C310075FC02 /* favorites */,
				A8959E7822A2DFB100055986 /* models */,
				A873105C22A2E50E00FF7326 /* services */,
				A832951D229DAECA000A4FD8 /* user-info */,
				A89A9B0622A05C040075FC02 /* users-list */,
				A86BD7CA229E7C2300BDB0C6 /* utils */,
			);
			path = src;
			sourceTree = "<group>";
		};
		A8959E7822A2DFB100055986 /* models */ = {
			isa = PBXGroup;
			children = (
				A89A9B0222A040CA0075FC02 /* UsersViewModel.swift */,
				A89FF918229EF74B00B6B41A /* UsersViewStructs.swift */,
			);
			path = models;
			sourceTree = "<group>";
		};
		A89A9B0622A05C040075FC02 /* users-list */ = {
			isa = PBXGroup;
			children = (
				A878019222A12302004123F8 /* cells */,
				A89A9B0422A05BDE0075FC02 /* UsersListInfoController.swift */,
				A87DE7CA229D3D5A00197BCC /* UsersListViewController.swift */,
			);
			path = "users-list";
			sourceTree = "<group>";
		};
		A89A9B0722A05C310075FC02 /* favorites */ = {
			isa = PBXGroup;
			children = (
				A87DE7CC229D3D7100197BCC /* FavoritesViewController.swift */,
			);
			path = favorites;
			sourceTree = "<group>";
		};
		A8B969A5229C1F260085C735 = {
			isa = PBXGroup;
			children = (
				A8B969B0229C1F260085C735 /* RandomUserClient */,
				A8B969AF229C1F260085C735 /* Products */,
				E3A4C80A1BE65B1FB30CA023 /* Pods */,
				8572E3C2987526DE02082843 /* Frameworks */,
			);
			sourceTree = "<group>";
		};
		A8B969AF229C1F260085C735 /* Products */ = {
			isa = PBXGroup;
			children = (
				A8B969AE229C1F260085C735 /* RandomUserClient.app */,
			);
			name = Products;
			sourceTree = "<group>";
		};
		A8B969B0229C1F260085C735 /* RandomUserClient */ = {
			isa = PBXGroup;
			children = (
				A87DE7C9229D3D3800197BCC /* src */,
				A873105F22A2FCC200FF7326 /* RandomUsersClientTabBarController.swift */,
				A8B969B1229C1F260085C735 /* AppDelegate.swift */,
				A8B969B8229C1F280085C735 /* Assets.xcassets */,
				A8B969BD229C1F280085C735 /* Info.plist */,
				A8B969BA229C1F280085C735 /* LaunchScreen.storyboard */,
				A8B969B5229C1F260085C735 /* Main.storyboard */,
			);
			path = RandomUserClient;
			sourceTree = "<group>";
		};
		E3A4C80A1BE65B1FB30CA023 /* Pods */ = {
			isa = PBXGroup;
			children = (
				51FCA56677A037BD9A75C1D0 /* Pods-RandomUserClient.debug.xcconfig */,
				A2367A9E5344E610C160F21F /* Pods-RandomUserClient.release.xcconfig */,
			);
			path = Pods;
			sourceTree = "<group>";
		};
/* End PBXGroup section */

/* Begin PBXNativeTarget section */
		A8B969AD229C1F260085C735 /* RandomUserClient */ = {
			isa = PBXNativeTarget;
			buildConfigurationList = A8B969C0229C1F280085C735 /* Build configuration list for PBXNativeTarget "RandomUserClient" */;
			buildPhases = (
				0EDCEB98347509E130B8ECAA /* [CP] Check Pods Manifest.lock */,
				A8B969AA229C1F260085C735 /* Sources */,
				A8B969AB229C1F260085C735 /* Frameworks */,
				A8B969AC229C1F260085C735 /* Resources */,
				A407CFA45AE6B3A1BDA52328 /* [CP] Embed Pods Frameworks */,
			);
			buildRules = (
			);
			dependencies = (
			);
			name = RandomUserClient;
			productName = RandomUserClient;
			productReference = A8B969AE229C1F260085C735 /* RandomUserClient.app */;
			productType = "com.apple.product-type.application";
		};
/* End PBXNativeTarget section */

/* Begin PBXProject section */
		A8B969A6229C1F260085C735 /* Project object */ = {
			isa = PBXProject;
			attributes = {
				LastSwiftUpdateCheck = 1020;
				LastUpgradeCheck = 1020;
				ORGANIZATIONNAME = "Dmitry Petukhov";
				TargetAttributes = {
					A8B969AD229C1F260085C735 = {
						CreatedOnToolsVersion = 10.2.1;
					};
				};
			};
			buildConfigurationList = A8B969A9229C1F260085C735 /* Build configuration list for PBXProject "RandomUserClient" */;
			compatibilityVersion = "Xcode 9.3";
			developmentRegion = en;
			hasScannedForEncodings = 0;
			knownRegions = (
				en,
				Base,
			);
			mainGroup = A8B969A5229C1F260085C735;
			productRefGroup = A8B969AF229C1F260085C735 /* Products */;
			projectDirPath = "";
			projectRoot = "";
			targets = (
				A8B969AD229C1F260085C735 /* RandomUserClient */,
			);
		};
/* End PBXProject section */

/* Begin PBXResourcesBuildPhase section */
		A8B969AC229C1F260085C735 /* Resources */ = {
			isa = PBXResourcesBuildPhase;
			buildActionMask = 2147483647;
			files = (
				A8B969BC229C1F280085C735 /* LaunchScreen.storyboard in Resources */,
				A8DE9E7922A7B31B00EA413C /* LoadingCell.xib in Resources */,
				A83C439F22A1CAB300C493BB /* UserLoginCell.xib in Resources */,
				A8B969B9229C1F280085C735 /* Assets.xcassets in Resources */,
				A83C43A322A1CD2A00C493BB /* UserIDCell.xib in Resources */,
				A83C439B22A1C8DF00C493BB /* UserAdressCell.xib in Resources */,
				A85F5F0D22A45D21005478FA /* UserOtherDataCell.xib in Resources */,
				A86BD7D0229E8EC400BDB0C6 /* UserInfoTopCell.xib in Resources */,
				A83C439522A16A0500C493BB /* UserLocationCell.xib in Resources */,
				A8B969B7229C1F260085C735 /* Main.storyboard in Resources */,
				A83C43A122A1CCA300C493BB /* UserDateAgeDisplayCell.xib in Resources */,
				A878019422A12337004123F8 /* UsersListTableViewCell.xib in Resources */,
				A83C439D22A1CA0800C493BB /* UserTimezoneCell.xib in Resources */,
			);
			runOnlyForDeploymentPostprocessing = 0;
		};
/* End PBXResourcesBuildPhase section */

/* Begin PBXShellScriptBuildPhase section */
		0EDCEB98347509E130B8ECAA /* [CP] Check Pods Manifest.lock */ = {
			isa = PBXShellScriptBuildPhase;
			buildActionMask = 2147483647;
			files = (
			);
			inputFileListPaths = (
			);
			inputPaths = (
				"${PODS_PODFILE_DIR_PATH}/Podfile.lock",
				"${PODS_ROOT}/Manifest.lock",
			);
			name = "[CP] Check Pods Manifest.lock";
			outputFileListPaths = (
			);
			outputPaths = (
				"$(DERIVED_FILE_DIR)/Pods-RandomUserClient-checkManifestLockResult.txt",
			);
			runOnlyForDeploymentPostprocessing = 0;
			shellPath = /bin/sh;
			shellScript = "diff \"${PODS_PODFILE_DIR_PATH}/Podfile.lock\" \"${PODS_ROOT}/Manifest.lock\" > /dev/null\nif [ $? != 0 ] ; then\n    # print error to STDERR\n    echo \"error: The sandbox is not in sync with the Podfile.lock. Run 'pod install' or update your CocoaPods installation.\" >&2\n    exit 1\nfi\n# This output is used by Xcode 'outputs' to avoid re-running this script phase.\necho \"SUCCESS\" > \"${SCRIPT_OUTPUT_FILE_0}\"\n";
			showEnvVarsInLog = 0;
		};
		A407CFA45AE6B3A1BDA52328 /* [CP] Embed Pods Frameworks */ = {
			isa = PBXShellScriptBuildPhase;
			buildActionMask = 2147483647;
			files = (
			);
			inputFileListPaths = (
				"${PODS_ROOT}/Target Support Files/Pods-RandomUserClient/Pods-RandomUserClient-frameworks-${CONFIGURATION}-input-files.xcfilelist",
			);
			name = "[CP] Embed Pods Frameworks";
			outputFileListPaths = (
				"${PODS_ROOT}/Target Support Files/Pods-RandomUserClient/Pods-RandomUserClient-frameworks-${CONFIGURATION}-output-files.xcfilelist",
			);
			runOnlyForDeploymentPostprocessing = 0;
			shellPath = /bin/sh;
			shellScript = "\"${PODS_ROOT}/Target Support Files/Pods-RandomUserClient/Pods-RandomUserClient-frameworks.sh\"\n";
			showEnvVarsInLog = 0;
		};
/* End PBXShellScriptBuildPhase section */

/* Begin PBXSourcesBuildPhase section */
		A8B969AA229C1F260085C735 /* Sources */ = {
			isa = PBXSourcesBuildPhase;
			buildActionMask = 2147483647;
			files = (
				A83C439722A16A2C00C493BB /* UserLocationCell.swift in Sources */,
				A85F5F0B22A45CDF005478FA /* UserOtherDataCell.swift in Sources */,
				A8DE9E7B22A7B3D700EA413C /* LoadingCell.swift in Sources */,
				A85F5F0522A430E6005478FA /* UserIDCell.swift in Sources */,
				A85F5F0722A43108005478FA /* UserLoginCell.swift in Sources */,
				A86BD7CE229E87CE00BDB0C6 /* UserInfoTableViewController.swift in Sources */,
				A89A9B0322A040CA0075FC02 /* UsersViewModel.swift in Sources */,
				A87DE7CF229D50B100197BCC /* UsersListTableViewCell.swift in Sources */,
				A85F5F0922A43120005478FA /* UserTimezoneCell.swift in Sources */,
				A85F5F0122A430B9005478FA /* UserAdressCell.swift in Sources */,
				A89FF919229EF74B00B6B41A /* UsersViewStructs.swift in Sources */,
				A832951B229D6468000A4FD8 /* UserInfoViewController.swift in Sources */,
				A83C439922A1A5DF00C493BB /* StringUtils.swift in Sources */,
				A873106022A2FCC200FF7326 /* RandomUsersClientTabBarController.swift in Sources */,
				A87DE7CD229D3D7100197BCC /* FavoritesViewController.swift in Sources */,
				A89FF917229EF6F400B6B41A /* UrlUtils.swift in Sources */,
				A85F5F0322A430D2005478FA /* UserDateAgeDisplayCell.swift in Sources */,
				A87DE7CB229D3D5A00197BCC /* UsersListViewController.swift in Sources */,
				A873105B22A2E23000FF7326 /* InternetReachability.swift in Sources */,
				A89A9B0522A05BDE0075FC02 /* UsersListInfoController.swift in Sources */,
				A8F8573D229DAF7D00700E9F /* UserInfoTopCell.swift in Sources */,
				A8B969B2229C1F260085C735 /* AppDelegate.swift in Sources */,
				A873105E22A2F0C400FF7326 /* RealmService.swift in Sources */,
			);
			runOnlyForDeploymentPostprocessing = 0;
		};
/* End PBXSourcesBuildPhase section */

/* Begin PBXVariantGroup section */
		A8B969B5229C1F260085C735 /* Main.storyboard */ = {
			isa = PBXVariantGroup;
			children = (
				A8B969B6229C1F260085C735 /* Base */,
			);
			name = Main.storyboard;
			sourceTree = "<group>";
		};
		A8B969BA229C1F280085C735 /* LaunchScreen.storyboard */ = {
			isa = PBXVariantGroup;
			children = (
				A8B969BB229C1F280085C735 /* Base */,
			);
			name = LaunchScreen.storyboard;
			sourceTree = "<group>";
		};
/* End PBXVariantGroup section */

/* Begin XCBuildConfiguration section */
		A8B969BE229C1F280085C735 /* Debug */ = {
			isa = XCBuildConfiguration;
			buildSettings = {
				ALWAYS_SEARCH_USER_PATHS = NO;
				CLANG_ANALYZER_NONNULL = YES;
				CLANG_ANALYZER_NUMBER_OBJECT_CONVERSION = YES_AGGRESSIVE;
				CLANG_CXX_LANGUAGE_STANDARD = "gnu++14";
				CLANG_CXX_LIBRARY = "libc++";
				CLANG_ENABLE_MODULES = YES;
				CLANG_ENABLE_OBJC_ARC = YES;
				CLANG_ENABLE_OBJC_WEAK = YES;
				CLANG_WARN_BLOCK_CAPTURE_AUTORELEASING = YES;
				CLANG_WARN_BOOL_CONVERSION = YES;
				CLANG_WARN_COMMA = YES;
				CLANG_WARN_CONSTANT_CONVERSION = YES;
				CLANG_WARN_DEPRECATED_OBJC_IMPLEMENTATIONS = YES;
				CLANG_WARN_DIRECT_OBJC_ISA_USAGE = YES_ERROR;
				CLANG_WARN_DOCUMENTATION_COMMENTS = YES;
				CLANG_WARN_EMPTY_BODY = YES;
				CLANG_WARN_ENUM_CONVERSION = YES;
				CLANG_WARN_INFINITE_RECURSION = YES;
				CLANG_WARN_INT_CONVERSION = YES;
				CLANG_WARN_NON_LITERAL_NULL_CONVERSION = YES;
				CLANG_WARN_OBJC_IMPLICIT_RETAIN_SELF = YES;
				CLANG_WARN_OBJC_LITERAL_CONVERSION = YES;
				CLANG_WARN_OBJC_ROOT_CLASS = YES_ERROR;
				CLANG_WARN_RANGE_LOOP_ANALYSIS = YES;
				CLANG_WARN_STRICT_PROTOTYPES = YES;
				CLANG_WARN_SUSPICIOUS_MOVE = YES;
				CLANG_WARN_UNGUARDED_AVAILABILITY = YES_AGGRESSIVE;
				CLANG_WARN_UNREACHABLE_CODE = YES;
				CLANG_WARN__DUPLICATE_METHOD_MATCH = YES;
				CODE_SIGN_IDENTITY = "iPhone Developer";
				COPY_PHASE_STRIP = NO;
				DEBUG_INFORMATION_FORMAT = dwarf;
				ENABLE_STRICT_OBJC_MSGSEND = YES;
				ENABLE_TESTABILITY = YES;
				GCC_C_LANGUAGE_STANDARD = gnu11;
				GCC_DYNAMIC_NO_PIC = NO;
				GCC_NO_COMMON_BLOCKS = YES;
				GCC_OPTIMIZATION_LEVEL = 0;
				GCC_PREPROCESSOR_DEFINITIONS = (
					"DEBUG=1",
					"$(inherited)",
				);
				GCC_WARN_64_TO_32_BIT_CONVERSION = YES;
				GCC_WARN_ABOUT_RETURN_TYPE = YES_ERROR;
				GCC_WARN_UNDECLARED_SELECTOR = YES;
				GCC_WARN_UNINITIALIZED_AUTOS = YES_AGGRESSIVE;
				GCC_WARN_UNUSED_FUNCTION = YES;
				GCC_WARN_UNUSED_VARIABLE = YES;
				IPHONEOS_DEPLOYMENT_TARGET = 12.2;
				MTL_ENABLE_DEBUG_INFO = INCLUDE_SOURCE;
				MTL_FAST_MATH = YES;
				ONLY_ACTIVE_ARCH = YES;
				SDKROOT = iphoneos;
				SWIFT_ACTIVE_COMPILATION_CONDITIONS = DEBUG;
				SWIFT_OPTIMIZATION_LEVEL = "-Onone";
			};
			name = Debug;
		};
		A8B969BF229C1F280085C735 /* Release */ = {
			isa = XCBuildConfiguration;
			buildSettings = {
				ALWAYS_SEARCH_USER_PATHS = NO;
				CLANG_ANALYZER_NONNULL = YES;
				CLANG_ANALYZER_NUMBER_OBJECT_CONVERSION = YES_AGGRESSIVE;
				CLANG_CXX_LANGUAGE_STANDARD = "gnu++14";
				CLANG_CXX_LIBRARY = "libc++";
				CLANG_ENABLE_MODULES = YES;
				CLANG_ENABLE_OBJC_ARC = YES;
				CLANG_ENABLE_OBJC_WEAK = YES;
				CLANG_WARN_BLOCK_CAPTURE_AUTORELEASING = YES;
				CLANG_WARN_BOOL_CONVERSION = YES;
				CLANG_WARN_COMMA = YES;
				CLANG_WARN_CONSTANT_CONVERSION = YES;
				CLANG_WARN_DEPRECATED_OBJC_IMPLEMENTATIONS = YES;
				CLANG_WARN_DIRECT_OBJC_ISA_USAGE = YES_ERROR;
				CLANG_WARN_DOCUMENTATION_COMMENTS = YES;
				CLANG_WARN_EMPTY_BODY = YES;
				CLANG_WARN_ENUM_CONVERSION = YES;
				CLANG_WARN_INFINITE_RECURSION = YES;
				CLANG_WARN_INT_CONVERSION = YES;
				CLANG_WARN_NON_LITERAL_NULL_CONVERSION = YES;
				CLANG_WARN_OBJC_IMPLICIT_RETAIN_SELF = YES;
				CLANG_WARN_OBJC_LITERAL_CONVERSION = YES;
				CLANG_WARN_OBJC_ROOT_CLASS = YES_ERROR;
				CLANG_WARN_RANGE_LOOP_ANALYSIS = YES;
				CLANG_WARN_STRICT_PROTOTYPES = YES;
				CLANG_WARN_SUSPICIOUS_MOVE = YES;
				CLANG_WARN_UNGUARDED_AVAILABILITY = YES_AGGRESSIVE;
				CLANG_WARN_UNREACHABLE_CODE = YES;
				CLANG_WARN__DUPLICATE_METHOD_MATCH = YES;
				CODE_SIGN_IDENTITY = "iPhone Developer";
				COPY_PHASE_STRIP = NO;
				DEBUG_INFORMATION_FORMAT = "dwarf-with-dsym";
				ENABLE_NS_ASSERTIONS = NO;
				ENABLE_STRICT_OBJC_MSGSEND = YES;
				GCC_C_LANGUAGE_STANDARD = gnu11;
				GCC_NO_COMMON_BLOCKS = YES;
				GCC_WARN_64_TO_32_BIT_CONVERSION = YES;
				GCC_WARN_ABOUT_RETURN_TYPE = YES_ERROR;
				GCC_WARN_UNDECLARED_SELECTOR = YES;
				GCC_WARN_UNINITIALIZED_AUTOS = YES_AGGRESSIVE;
				GCC_WARN_UNUSED_FUNCTION = YES;
				GCC_WARN_UNUSED_VARIABLE = YES;
				IPHONEOS_DEPLOYMENT_TARGET = 12.2;
				MTL_ENABLE_DEBUG_INFO = NO;
				MTL_FAST_MATH = YES;
				SDKROOT = iphoneos;
				SWIFT_COMPILATION_MODE = wholemodule;
				SWIFT_OPTIMIZATION_LEVEL = "-O";
				VALIDATE_PRODUCT = YES;
			};
			name = Release;
		};
		A8B969C1229C1F280085C735 /* Debug */ = {
			isa = XCBuildConfiguration;
			baseConfigurationReference = 51FCA56677A037BD9A75C1D0 /* Pods-RandomUserClient.debug.xcconfig */;
			buildSettings = {
				ASSETCATALOG_COMPILER_APPICON_NAME = AppIcon;
				CODE_SIGN_STYLE = Automatic;
				DEVELOPMENT_TEAM = NDTT7JL5S8;
				INFOPLIST_FILE = RandomUserClient/Info.plist;
				LD_RUNPATH_SEARCH_PATHS = (
					"$(inherited)",
					"@executable_path/Frameworks",
				);
				PRODUCT_BUNDLE_IDENTIFIER = com.dphov.RandomUserClient;
				PRODUCT_NAME = "$(TARGET_NAME)";
				SWIFT_VERSION = 5.0;
				TARGETED_DEVICE_FAMILY = "1,2";
			};
			name = Debug;
		};
		A8B969C2229C1F280085C735 /* Release */ = {
			isa = XCBuildConfiguration;
			baseConfigurationReference = A2367A9E5344E610C160F21F /* Pods-RandomUserClient.release.xcconfig */;
			buildSettings = {
				ASSETCATALOG_COMPILER_APPICON_NAME = AppIcon;
				CODE_SIGN_STYLE = Automatic;
				DEVELOPMENT_TEAM = NDTT7JL5S8;
				INFOPLIST_FILE = RandomUserClient/Info.plist;
				LD_RUNPATH_SEARCH_PATHS = (
					"$(inherited)",
					"@executable_path/Frameworks",
				);
				PRODUCT_BUNDLE_IDENTIFIER = com.dphov.RandomUserClient;
				PRODUCT_NAME = "$(TARGET_NAME)";
				SWIFT_VERSION = 5.0;
				TARGETED_DEVICE_FAMILY = "1,2";
			};
			name = Release;
		};
/* End XCBuildConfiguration section */

/* Begin XCConfigurationList section */
		A8B969A9229C1F260085C735 /* Build configuration list for PBXProject "RandomUserClient" */ = {
			isa = XCConfigurationList;
			buildConfigurations = (
				A8B969BE229C1F280085C735 /* Debug */,
				A8B969BF229C1F280085C735 /* Release */,
			);
			defaultConfigurationIsVisible = 0;
			defaultConfigurationName = Release;
		};
		A8B969C0229C1F280085C735 /* Build configuration list for PBXNativeTarget "RandomUserClient" */ = {
			isa = XCConfigurationList;
			buildConfigurations = (
				A8B969C1229C1F280085C735 /* Debug */,
				A8B969C2229C1F280085C735 /* Release */,
			);
			defaultConfigurationIsVisible = 0;
			defaultConfigurationName = Release;
		};
/* End XCConfigurationList section */
	};
	rootObject = A8B969A6229C1F260085C735 /* Project object */;
}
